{
    "_meta": {
        "hash": {
            "sha256": "ce28e5c6c009f864df972a27b7a07bc3865e0c778e9098e43cf3f121cec0b2a2"
        },
        "host-environment-markers": {
            "implementation_name": "cpython",
            "implementation_version": "3.6.4",
            "os_name": "posix",
            "platform_machine": "x86_64",
            "platform_python_implementation": "CPython",
            "platform_release": "17.2.0",
            "platform_system": "Darwin",
            "platform_version": "Darwin Kernel Version 17.2.0: Fri Sep 29 18:27:05 PDT 2017; root:xnu-4570.20.62~3/RELEASE_X86_64",
            "python_full_version": "3.6.4",
            "python_version": "3.6",
            "sys_platform": "darwin"
        },
        "pipfile-spec": 6,
        "requires": {
            "python_version": "3.6"
        },
        "sources": [
            {
                "name": "pypi",
                "url": "https://pypi.python.org/simple",
                "verify_ssl": true
            }
        ]
    },
    "default": {
        "click": {
            "hashes": [
                "sha256:29f99fc6125fbc931b758dc053b3114e55c77a6e4c6c3a2674a2dc986016381d",
                "sha256:f15516df478d5a56180fbf80e68f206010e6d160fc39fa508b65e035fd75130b"
            ],
            "version": "==6.7"
        },
        "peewee": {
            "hashes": [
                "sha256:178e86f7cdc53b4d982caa2304f82b1eba598c0283700eec931d33c9605080c8"
            ],
            "version": "==3.3.2"
        }
    },
    "develop": {
        "aspy.yaml": {
            "hashes": [
                "sha256:c959530fab398e2391516bc8d5146489f9273b07d87dd8ba5e8b73406f7cc1fa",
                "sha256:da95110d120a9168c9f43601b9cb732f006d8f193ee2c9b402c823026e4a9387"
            ],
            "version": "==1.1.0"
        },
        "cached-property": {
            "hashes": [
                "sha256:67acb3ee8234245e8aea3784a492272239d9c4b487eba2fdcce9d75460d34520",
                "sha256:bf093e640b7294303c7cc7ba3212f00b7a07d0416c1d923465995c9ef860a139"
            ],
            "version": "==1.4.2"
        },
        "cfgv": {
            "hashes": [
                "sha256:2fbaf8d082456d8fff5a68163ff59c1025a52e906914fbc738be7d8ea5b7aa4b",
                "sha256:733aa2f66b5106af32d271336a571610b9808e868de0ad5690d9d5155e5960c5"
            ],
            "version": "==1.0.0"
        },
        "identify": {
            "hashes": [
                "sha256:5cbcc7fca1263bd87fc4dea1abfd7abbbc3807c9b9f09e6f999da6857a0fe35a",
                "sha256:a42f6ed9c3ad02b187c8a17027bb9042a54f463d8e617ca208038a25ec69faa7"
            ],
            "version": "==1.0.13"
        },
        "nodeenv": {
            "hashes": [
                "sha256:dd0a34001090ff042cfdb4b0c8d6a6f7ec9baa49733f00b695bb8a8b4700ba6c"
            ],
            "version": "==1.3.0"
        },
        "pre-commit": {
            "hashes": [
                "sha256:01bb5f44606735ca30c8be641fa24f5760fcc599a0260ead0067bcde2f0305f9",
                "sha256:823452163aa9fb024a9ff30947ba7f5a2778708db7554a4d36438b9bbead6bbb"
            ],
            "version": "==1.8.2"
        },
        "pyyaml": {
            "hashes": [
                "sha256:3262c96a1ca437e7e4763e2843746588a965426550f3797a79fca9c6199c431f",
                "sha256:16b20e970597e051997d90dc2cddc713a2876c47e3d92d59ee198700c5427736",
                "sha256:e863072cdf4c72eebf179342c94e6989c67185842d9997960b3e69290b2fa269",
                "sha256:bc6bced57f826ca7cb5125a10b23fd0f2fff3b7c4701d64c439a300ce665fff8",
                "sha256:c01b880ec30b5a6e6aa67b09a2fe3fb30473008c85cd6a67359a1b15ed6d83a4",
                "sha256:827dc04b8fa7d07c44de11fabbc888e627fa8293b695e0f99cb544fdfa1bf0d1",
                "sha256:592766c6303207a20efc445587778322d7f73b161bd994f227adaa341ba212ab",
                "sha256:5f84523c076ad14ff5e6c037fe1c89a7f73a3e04cf0377cb4d017014976433f3",
                "sha256:0c507b7f74b3d2dd4d1322ec8a94794927305ab4cebbe89cc47fe5e81541e6e8",
                "sha256:b4c423ab23291d3945ac61346feeb9a0dc4184999ede5e7c43e1ffb975130ae6",
                "sha256:ca233c64c6e40eaa6c66ef97058cdc80e8d0157a443655baa1b2966e812807ca",
                "sha256:4474f8ea030b5127225b8894d626bb66c01cda098d47a2b0d3429b6700af9fd8",
                "sha256:326420cbb492172dec84b0f65c80942de6cedb5233c413dd824483989c000608",
                "sha256:5ac82e411044fb129bae5cfbeb3ba626acb2af31a8d17d175004b70862a741a7"
            ],
            "version": "==3.12"
        },
        "six": {
            "hashes": [
                "sha256:832dc0e10feb1aa2c68dcc57dbb658f1c7e65b9b61af69048abc87a2db00a0eb",
                "sha256:70e8a77beed4562e7f14fe23a786b54f6296e34344c23bc42f07b15018ff98e9"
            ],
            "version": "==1.11.0"
        },
        "virtualenv": {
            "hashes": [
                "sha256:e8e05d4714a1c51a2f5921e62f547fcb0f713ebbe959e0a7f585cc8bef71d11f",
                "sha256:1d7e241b431e7afce47e77f8843a276f652699d1fa4f93b9d8ce0076fd7b0b54"
            ],
            "version": "==15.2.0"
        }
    }
}
